
Microsoft Visual Studio Solution File, Format Version 12.00
# Visual Studio Version 17
VisualStudioVersion = 17.11.35312.102
MinimumVisualStudioVersion = 10.0.40219.1
Project("{FAE04EC0-301F-11D3-BF4B-00C04F79EFBC}") = "DemoFunction", "DemoFunction\DemoFunction.csproj", "{9E9340EB-A49D-4EB3-8606-6229D8252B41}"
EndProject
Global
	GlobalSection(SolutionConfigurationPlatforms) = preSolution
		Debug|Any CPU = Debug|Any CPU
		Release|Any CPU = Release|Any CPU
	EndGlobalSection
	GlobalSection(ProjectConfigurationPlatforms) = postSolution
		{9E9340EB-A49D-4EB3-8606-6229D8252B41}.Debug|Any CPU.ActiveCfg = Debug|Any CPU
		{9E9340EB-A49D-4EB3-8606-6229D8252B41}.Debug|Any CPU.Build.0 = Debug|Any CPU
		{9E9340EB-A49D-4EB3-8606-6229D8252B41}.Release|Any CPU.ActiveCfg = Release|Any CPU
		{9E9340EB-A49D-4EB3-8606-6229D8252B41}.Release|Any CPU.Build.0 = Release|Any CPU
	EndGlobalSection
	GlobalSection(SolutionProperties) = preSolution
		HideSolutionNode = FALSE
	EndGlobalSection
	GlobalSection(ExtensibilityGlobals) = postSolution
		SolutionGuid = {F85F4996-C6C4-4724-A68D-B45397551161}
	EndGlobalSection
EndGlobal
